
Microsoft Visual Studio Solution File, Format Version 12.00
# Visual Studio Version 17
VisualStudioVersion = 17.5.33414.496
MinimumVisualStudioVersion = 10.0.40219.1
Project("{2150E333-8FDC-42A3-9474-1A3956D46DE8}") = "Onion", "Onion", "{07B8A8DB-C9EC-415B-BE59-CF959A73BCBC}"
EndProject
Project("{2150E333-8FDC-42A3-9474-1A3956D46DE8}") = "Core", "Core", "{2D095AD9-1064-42BA-A732-854916EBA764}"
EndProject
Project("{2150E333-8FDC-42A3-9474-1A3956D46DE8}") = "Presentation", "Presentation", "{35704E25-7E8E-413E-B40A-07DE44ED0005}"
EndProject
Project("{9A19103F-16F7-4668-BE54-9A1E7A4F7556}") = "MovieStore.API", "MovieStore.API\MovieStore.API.csproj", "{BBB8DEFA-3069-4A99-8770-BC694A0302B4}"
EndProject
Project("{9A19103F-16F7-4668-BE54-9A1E7A4F7556}") = "Application", "Onion\Core\Application\Application.csproj", "{EB77F1D2-A913-4ECD-83DA-64045E08E2C0}"
EndProject
Project("{9A19103F-16F7-4668-BE54-9A1E7A4F7556}") = "Domain", "Onion\Core\Domain\Domain.csproj", "{DF62FD5B-5115-4DA3-A482-76EA32516C6C}"
EndProject
Project("{2150E333-8FDC-42A3-9474-1A3956D46DE8}") = "Infrastructure", "Infrastructure", "{B59F14E7-0042-4A83-B1D2-356B018A44D5}"
EndProject
Project("{FAE04EC0-301F-11D3-BF4B-00C04F79EFBC}") = "Persistence", "Onion\Infrastructure\Persistence\Persistence.csproj", "{7B4719A7-1D91-43EA-9FA8-306AD0BEFAC1}"
EndProject
Global
	GlobalSection(SolutionConfigurationPlatforms) = preSolution
		Debug|Any CPU = Debug|Any CPU
		Release|Any CPU = Release|Any CPU
	EndGlobalSection
	GlobalSection(ProjectConfigurationPlatforms) = postSolution
		{BBB8DEFA-3069-4A99-8770-BC694A0302B4}.Debug|Any CPU.ActiveCfg = Debug|Any CPU
		{BBB8DEFA-3069-4A99-8770-BC694A0302B4}.Debug|Any CPU.Build.0 = Debug|Any CPU
		{BBB8DEFA-3069-4A99-8770-BC694A0302B4}.Release|Any CPU.ActiveCfg = Release|Any CPU
		{BBB8DEFA-3069-4A99-8770-BC694A0302B4}.Release|Any CPU.Build.0 = Release|Any CPU
		{EB77F1D2-A913-4ECD-83DA-64045E08E2C0}.Debug|Any CPU.ActiveCfg = Debug|Any CPU
		{EB77F1D2-A913-4ECD-83DA-64045E08E2C0}.Debug|Any CPU.Build.0 = Debug|Any CPU
		{EB77F1D2-A913-4ECD-83DA-64045E08E2C0}.Release|Any CPU.ActiveCfg = Release|Any CPU
		{EB77F1D2-A913-4ECD-83DA-64045E08E2C0}.Release|Any CPU.Build.0 = Release|Any CPU
		{DF62FD5B-5115-4DA3-A482-76EA32516C6C}.Debug|Any CPU.ActiveCfg = Debug|Any CPU
		{DF62FD5B-5115-4DA3-A482-76EA32516C6C}.Debug|Any CPU.Build.0 = Debug|Any CPU
		{DF62FD5B-5115-4DA3-A482-76EA32516C6C}.Release|Any CPU.ActiveCfg = Release|Any CPU
		{DF62FD5B-5115-4DA3-A482-76EA32516C6C}.Release|Any CPU.Build.0 = Release|Any CPU
		{7B4719A7-1D91-43EA-9FA8-306AD0BEFAC1}.Debug|Any CPU.ActiveCfg = Debug|Any CPU
		{7B4719A7-1D91-43EA-9FA8-306AD0BEFAC1}.Debug|Any CPU.Build.0 = Debug|Any CPU
		{7B4719A7-1D91-43EA-9FA8-306AD0BEFAC1}.Release|Any CPU.ActiveCfg = Release|Any CPU
		{7B4719A7-1D91-43EA-9FA8-306AD0BEFAC1}.Release|Any CPU.Build.0 = Release|Any CPU
	EndGlobalSection
	GlobalSection(SolutionProperties) = preSolution
		HideSolutionNode = FALSE
	EndGlobalSection
	GlobalSection(NestedProjects) = preSolution
		{2D095AD9-1064-42BA-A732-854916EBA764} = {07B8A8DB-C9EC-415B-BE59-CF959A73BCBC}
		{35704E25-7E8E-413E-B40A-07DE44ED0005} = {07B8A8DB-C9EC-415B-BE59-CF959A73BCBC}
		{BBB8DEFA-3069-4A99-8770-BC694A0302B4} = {35704E25-7E8E-413E-B40A-07DE44ED0005}
		{EB77F1D2-A913-4ECD-83DA-64045E08E2C0} = {2D095AD9-1064-42BA-A732-854916EBA764}
		{DF62FD5B-5115-4DA3-A482-76EA32516C6C} = {2D095AD9-1064-42BA-A732-854916EBA764}
		{B59F14E7-0042-4A83-B1D2-356B018A44D5} = {07B8A8DB-C9EC-415B-BE59-CF959A73BCBC}
		{7B4719A7-1D91-43EA-9FA8-306AD0BEFAC1} = {B59F14E7-0042-4A83-B1D2-356B018A44D5}
	EndGlobalSection
	GlobalSection(ExtensibilityGlobals) = postSolution
		SolutionGuid = {FC808857-3602-4860-9203-AA5AE1C4FC4A}
	EndGlobalSection
EndGlobal
